
Microsoft Visual Studio Solution File, Format Version 12.00
Project("{FAE04EC0-301F-11D3-BF4B-00C04F79EFBC}") = "TaskManagerAPI", "TaskManagerAPI\TaskManagerAPI.csproj", "{4776DF9E-1402-492A-BC1F-9083A12224DE}"
EndProject
Global
	GlobalSection(SolutionConfigurationPlatforms) = preSolution
		Debug|Any CPU = Debug|Any CPU
		Release|Any CPU = Release|Any CPU
	EndGlobalSection
	GlobalSection(ProjectConfigurationPlatforms) = postSolution
		{4776DF9E-1402-492A-BC1F-9083A12224DE}.Debug|Any CPU.ActiveCfg = Debug|Any CPU
		{4776DF9E-1402-492A-BC1F-9083A12224DE}.Debug|Any CPU.Build.0 = Debug|Any CPU
		{4776DF9E-1402-492A-BC1F-9083A12224DE}.Release|Any CPU.ActiveCfg = Release|Any CPU
		{4776DF9E-1402-492A-BC1F-9083A12224DE}.Release|Any CPU.Build.0 = Release|Any CPU
	EndGlobalSection
EndGlobal
